
Microsoft Visual Studio Solution File, Format Version 12.00
# Visual Studio Version 17
VisualStudioVersion = 17.9.34728.123
MinimumVisualStudioVersion = 10.0.40219.1
Project("{FAE04EC0-301F-11D3-BF4B-00C04F79EFBC}") = "Lab 2_1", "Lab 2_1.csproj", "{2AF56A55-DB35-4D2E-AE76-C0A4BB8791AA}"
EndProject
Global
	GlobalSection(SolutionConfigurationPlatforms) = preSolution
		Debug|Any CPU = Debug|Any CPU
		Release|Any CPU = Release|Any CPU
	EndGlobalSection
	GlobalSection(ProjectConfigurationPlatforms) = postSolution
		{2AF56A55-DB35-4D2E-AE76-C0A4BB8791AA}.Debug|Any CPU.ActiveCfg = Debug|Any CPU
		{2AF56A55-DB35-4D2E-AE76-C0A4BB8791AA}.Debug|Any CPU.Build.0 = Debug|Any CPU
		{2AF56A55-DB35-4D2E-AE76-C0A4BB8791AA}.Release|Any CPU.ActiveCfg = Release|Any CPU
		{2AF56A55-DB35-4D2E-AE76-C0A4BB8791AA}.Release|Any CPU.Build.0 = Release|Any CPU
	EndGlobalSection
	GlobalSection(SolutionProperties) = preSolution
		HideSolutionNode = FALSE
	EndGlobalSection
	GlobalSection(ExtensibilityGlobals) = postSolution
		SolutionGuid = {635B38C3-BE04-4EE2-89EE-8F1E3F55B7A5}
	EndGlobalSection
EndGlobal
